
Microsoft Visual Studio Solution File, Format Version 12.00
# Visual Studio Version 16
VisualStudioVersion = 16.0.29728.190
MinimumVisualStudioVersion = 10.0.40219.1
Project("{FAE04EC0-301F-11D3-BF4B-00C04F79EFBC}") = "SetupTest", "SetupTest\SetupTest.csproj", "{9D535A29-EAA9-4551-AC73-B0A52726051F}"
EndProject
Global
	GlobalSection(SolutionConfigurationPlatforms) = preSolution
		Debug|Any CPU = Debug|Any CPU
		Release|Any CPU = Release|Any CPU
	EndGlobalSection
	GlobalSection(ProjectConfigurationPlatforms) = postSolution
		{9D535A29-EAA9-4551-AC73-B0A52726051F}.Debug|Any CPU.ActiveCfg = Debug|Any CPU
		{9D535A29-EAA9-4551-AC73-B0A52726051F}.Debug|Any CPU.Build.0 = Debug|Any CPU
		{9D535A29-EAA9-4551-AC73-B0A52726051F}.Release|Any CPU.ActiveCfg = Release|Any CPU
		{9D535A29-EAA9-4551-AC73-B0A52726051F}.Release|Any CPU.Build.0 = Release|Any CPU
	EndGlobalSection
	GlobalSection(SolutionProperties) = preSolution
		HideSolutionNode = FALSE
	EndGlobalSection
	GlobalSection(ExtensibilityGlobals) = postSolution
		SolutionGuid = {8435884B-B3CA-4DA4-AF0B-9B25010977ED}
	EndGlobalSection
EndGlobal
